
Microsoft Visual Studio Solution File, Format Version 12.00
# Visual Studio Version 18
VisualStudioVersion = 18.0.11205.157
MinimumVisualStudioVersion = 10.0.40219.1
Project("{2150E333-8FDC-42A3-9474-1A3956D46DE8}") = "Solution Items", "Solution Items", "{02EA681E-C7D8-13C7-8484-4AC65E1B71E8}"
	ProjectSection(SolutionItems) = preProject
		.editorconfig = .editorconfig
	EndProjectSection
EndProject
Project("{FAE04EC0-301F-11D3-BF4B-00C04F79EFBC}") = "Front", "Front\Front.csproj", "{CAFD37BC-EEC8-C546-D43C-87317E038C41}"
EndProject
Project("{FAE04EC0-301F-11D3-BF4B-00C04F79EFBC}") = "Package", "Package\Package.csproj", "{855B3210-C7A3-8BF2-FDC7-788D456F3D52}"
EndProject
Project("{FAE04EC0-301F-11D3-BF4B-00C04F79EFBC}") = "AppHost", "AppHost\AppHost.csproj", "{931A3A08-3558-4721-A778-74125C7F3EFD}"
EndProject
Project("{FAE04EC0-301F-11D3-BF4B-00C04F79EFBC}") = "Tests", "Tests\Tests.csproj", "{9CF47860-2CEA-F379-09D8-9AEF27965D12}"
EndProject
Project("{FAE04EC0-301F-11D3-BF4B-00C04F79EFBC}") = "Silo", "Silo\Silo.csproj", "{BD71EC37-CE22-CEF9-0AD7-7C79ADB0D5EE}"
EndProject
Project("{FAE04EC0-301F-11D3-BF4B-00C04F79EFBC}") = "Migrations", "Migrations\Migrations.csproj", "{2FD6E255-5265-F375-BF34-FC5A96C135D3}"
EndProject
Global
	GlobalSection(SolutionConfigurationPlatforms) = preSolution
		Debug|Any CPU = Debug|Any CPU
		Release|Any CPU = Release|Any CPU
	EndGlobalSection
	GlobalSection(ProjectConfigurationPlatforms) = postSolution
		{CAFD37BC-EEC8-C546-D43C-87317E038C41}.Debug|Any CPU.ActiveCfg = Debug|Any CPU
		{CAFD37BC-EEC8-C546-D43C-87317E038C41}.Debug|Any CPU.Build.0 = Debug|Any CPU
		{CAFD37BC-EEC8-C546-D43C-87317E038C41}.Release|Any CPU.ActiveCfg = Release|Any CPU
		{CAFD37BC-EEC8-C546-D43C-87317E038C41}.Release|Any CPU.Build.0 = Release|Any CPU
		{855B3210-C7A3-8BF2-FDC7-788D456F3D52}.Debug|Any CPU.ActiveCfg = Debug|Any CPU
		{855B3210-C7A3-8BF2-FDC7-788D456F3D52}.Debug|Any CPU.Build.0 = Debug|Any CPU
		{855B3210-C7A3-8BF2-FDC7-788D456F3D52}.Release|Any CPU.ActiveCfg = Release|Any CPU
		{855B3210-C7A3-8BF2-FDC7-788D456F3D52}.Release|Any CPU.Build.0 = Release|Any CPU
		{931A3A08-3558-4721-A778-74125C7F3EFD}.Debug|Any CPU.ActiveCfg = Debug|Any CPU
		{931A3A08-3558-4721-A778-74125C7F3EFD}.Debug|Any CPU.Build.0 = Debug|Any CPU
		{931A3A08-3558-4721-A778-74125C7F3EFD}.Release|Any CPU.ActiveCfg = Release|Any CPU
		{931A3A08-3558-4721-A778-74125C7F3EFD}.Release|Any CPU.Build.0 = Release|Any CPU
		{9CF47860-2CEA-F379-09D8-9AEF27965D12}.Debug|Any CPU.ActiveCfg = Debug|Any CPU
		{9CF47860-2CEA-F379-09D8-9AEF27965D12}.Debug|Any CPU.Build.0 = Debug|Any CPU
		{9CF47860-2CEA-F379-09D8-9AEF27965D12}.Release|Any CPU.ActiveCfg = Release|Any CPU
		{9CF47860-2CEA-F379-09D8-9AEF27965D12}.Release|Any CPU.Build.0 = Release|Any CPU
		{BD71EC37-CE22-CEF9-0AD7-7C79ADB0D5EE}.Debug|Any CPU.ActiveCfg = Debug|Any CPU
		{BD71EC37-CE22-CEF9-0AD7-7C79ADB0D5EE}.Debug|Any CPU.Build.0 = Debug|Any CPU
		{BD71EC37-CE22-CEF9-0AD7-7C79ADB0D5EE}.Release|Any CPU.ActiveCfg = Release|Any CPU
		{BD71EC37-CE22-CEF9-0AD7-7C79ADB0D5EE}.Release|Any CPU.Build.0 = Release|Any CPU
		{2FD6E255-5265-F375-BF34-FC5A96C135D3}.Debug|Any CPU.ActiveCfg = Debug|Any CPU
		{2FD6E255-5265-F375-BF34-FC5A96C135D3}.Debug|Any CPU.Build.0 = Debug|Any CPU
		{2FD6E255-5265-F375-BF34-FC5A96C135D3}.Release|Any CPU.ActiveCfg = Release|Any CPU
		{2FD6E255-5265-F375-BF34-FC5A96C135D3}.Release|Any CPU.Build.0 = Release|Any CPU
	EndGlobalSection
	GlobalSection(SolutionProperties) = preSolution
		HideSolutionNode = FALSE
	EndGlobalSection
	GlobalSection(ExtensibilityGlobals) = postSolution
		SolutionGuid = {D0C07029-E8BA-4FC5-B678-F3CC65D68D73}
	EndGlobalSection
EndGlobal
