
Microsoft Visual Studio Solution File, Format Version 12.00
# Visual Studio Version 18
VisualStudioVersion = 18.0.11205.157
MinimumVisualStudioVersion = 10.0.40219.1
Project("{2150E333-8FDC-42A3-9474-1A3956D46DE8}") = "Solution Items", "Solution Items", "{02EA681E-C7D8-13C7-8484-4AC65E1B71E8}"
	ProjectSection(SolutionItems) = preProject
		.editorconfig = .editorconfig
	EndProjectSection
EndProject
Project("{FAE04EC0-301F-11D3-BF4B-00C04F79EFBC}") = "ABMGS.ServerV2", "ABMGS.ServerV2\ABMGS.ServerV2.csproj", "{849D1CD5-18CC-9A8D-0D66-899B1E2EB081}"
EndProject
Project("{FAE04EC0-301F-11D3-BF4B-00C04F79EFBC}") = "ABMGS.Serverv2.Package", "ABMGS.Serverv2.Package\ABMGS.Serverv2.Package.csproj", "{891CDBC0-6FA5-5E31-E34B-10163E60017A}"
EndProject
Project("{FAE04EC0-301F-11D3-BF4B-00C04F79EFBC}") = "AppHost", "AppHost\AppHost.csproj", "{931A3A08-3558-4721-A778-74125C7F3EFD}"
EndProject
Project("{FAE04EC0-301F-11D3-BF4B-00C04F79EFBC}") = "ABMGS.ServerV2.AspireTest", "ABMGS.ServerV2.AspireTests\ABMGS.ServerV2.AspireTest.csproj", "{BA0BFBA8-518E-C9F8-85AB-49E182366BFF}"
EndProject
Project("{FAE04EC0-301F-11D3-BF4B-00C04F79EFBC}") = "ABMGS.ServerV2.Silo", "ABMGS.ServerV2.Silo\ABMGS.ServerV2.Silo.csproj", "{2764B941-615C-6D1B-5B18-BA7EA8D73FF3}"
EndProject
Project("{FAE04EC0-301F-11D3-BF4B-00C04F79EFBC}") = "ABMGS.ServerV2.Migrations", "ABMGS.ServerV2.Migrations\ABMGS.ServerV2.Migrations.csproj", "{096FE426-11EA-DDD0-CB60-9B97C47DCAAD}"
EndProject
Global
	GlobalSection(SolutionConfigurationPlatforms) = preSolution
		Debug|Any CPU = Debug|Any CPU
		Release|Any CPU = Release|Any CPU
	EndGlobalSection
	GlobalSection(ProjectConfigurationPlatforms) = postSolution
		{849D1CD5-18CC-9A8D-0D66-899B1E2EB081}.Debug|Any CPU.ActiveCfg = Debug|Any CPU
		{849D1CD5-18CC-9A8D-0D66-899B1E2EB081}.Debug|Any CPU.Build.0 = Debug|Any CPU
		{849D1CD5-18CC-9A8D-0D66-899B1E2EB081}.Release|Any CPU.ActiveCfg = Release|Any CPU
		{849D1CD5-18CC-9A8D-0D66-899B1E2EB081}.Release|Any CPU.Build.0 = Release|Any CPU
		{891CDBC0-6FA5-5E31-E34B-10163E60017A}.Debug|Any CPU.ActiveCfg = Debug|Any CPU
		{891CDBC0-6FA5-5E31-E34B-10163E60017A}.Debug|Any CPU.Build.0 = Debug|Any CPU
		{891CDBC0-6FA5-5E31-E34B-10163E60017A}.Release|Any CPU.ActiveCfg = Release|Any CPU
		{891CDBC0-6FA5-5E31-E34B-10163E60017A}.Release|Any CPU.Build.0 = Release|Any CPU
		{931A3A08-3558-4721-A778-74125C7F3EFD}.Debug|Any CPU.ActiveCfg = Debug|Any CPU
		{931A3A08-3558-4721-A778-74125C7F3EFD}.Debug|Any CPU.Build.0 = Debug|Any CPU
		{931A3A08-3558-4721-A778-74125C7F3EFD}.Release|Any CPU.ActiveCfg = Release|Any CPU
		{931A3A08-3558-4721-A778-74125C7F3EFD}.Release|Any CPU.Build.0 = Release|Any CPU
		{BA0BFBA8-518E-C9F8-85AB-49E182366BFF}.Debug|Any CPU.ActiveCfg = Debug|Any CPU
		{BA0BFBA8-518E-C9F8-85AB-49E182366BFF}.Debug|Any CPU.Build.0 = Debug|Any CPU
		{BA0BFBA8-518E-C9F8-85AB-49E182366BFF}.Release|Any CPU.ActiveCfg = Release|Any CPU
		{BA0BFBA8-518E-C9F8-85AB-49E182366BFF}.Release|Any CPU.Build.0 = Release|Any CPU
		{2764B941-615C-6D1B-5B18-BA7EA8D73FF3}.Debug|Any CPU.ActiveCfg = Debug|Any CPU
		{2764B941-615C-6D1B-5B18-BA7EA8D73FF3}.Debug|Any CPU.Build.0 = Debug|Any CPU
		{2764B941-615C-6D1B-5B18-BA7EA8D73FF3}.Release|Any CPU.ActiveCfg = Release|Any CPU
		{2764B941-615C-6D1B-5B18-BA7EA8D73FF3}.Release|Any CPU.Build.0 = Release|Any CPU
		{096FE426-11EA-DDD0-CB60-9B97C47DCAAD}.Debug|Any CPU.ActiveCfg = Debug|Any CPU
		{096FE426-11EA-DDD0-CB60-9B97C47DCAAD}.Debug|Any CPU.Build.0 = Debug|Any CPU
		{096FE426-11EA-DDD0-CB60-9B97C47DCAAD}.Release|Any CPU.ActiveCfg = Release|Any CPU
		{096FE426-11EA-DDD0-CB60-9B97C47DCAAD}.Release|Any CPU.Build.0 = Release|Any CPU
	EndGlobalSection
	GlobalSection(SolutionProperties) = preSolution
		HideSolutionNode = FALSE
	EndGlobalSection
	GlobalSection(ExtensibilityGlobals) = postSolution
		SolutionGuid = {D0C07029-E8BA-4FC5-B678-F3CC65D68D73}
	EndGlobalSection
EndGlobal
